# THIS IS AN AUTOGENERATED FILE. DO NOT EDIT THIS FILE DIRECTLY.
# yarn lockfile v1


"@babel/helper-string-parser@^7.24.8":
  version "7.24.8"
  resolved "https://registry.yarnpkg.com/@babel/helper-string-parser/-/helper-string-parser-7.24.8.tgz#5b3329c9a58803d5df425e5785865881a81ca48d"
  integrity sha512-pO9KhhRcuUyGnJWwyEgnRJTSIZHiT+vMD0kPeD+so0l7mxkMT19g3pjY9GTnHySck/hDzq+dtW/4VgnMkippsQ==

"@babel/helper-validator-identifier@^7.24.7":
  version "7.24.7"
  resolved "https://registry.yarnpkg.com/@babel/helper-validator-identifier/-/helper-validator-identifier-7.24.7.tgz#75b889cfaf9e35c2aaf42cf0d72c8e91719251db"
  integrity sha512-rR+PBcQ1SMQDDyF6X0wxtG8QyLCgUB0eRAGguqRLfkCA87l7yAP7ehq8SNj96OOGTO8OBV70KhuFYcIkHXOg0w==

"@babel/parser@^7.25.3":
  version "7.25.6"
  resolved "https://registry.yarnpkg.com/@babel/parser/-/parser-7.25.6.tgz#85660c5ef388cbbf6e3d2a694ee97a38f18afe2f"
  integrity sha512-trGdfBdbD0l1ZPmcJ83eNxB9rbEax4ALFTF7fN386TMYbeCQbyme5cOEXQhbGXKebwGaB/J52w1mrklMcbgy6Q==
  dependencies:
    "@babel/types" "^7.25.6"

"@babel/types@^7.25.6":
  version "7.25.6"
  resolved "https://registry.yarnpkg.com/@babel/types/-/types-7.25.6.tgz#893942ddb858f32ae7a004ec9d3a76b3463ef8e6"
  integrity sha512-/l42B1qxpG6RdfYf343Uw1vmDjeNhneUXtzhojE7pDgfpEypmRhI6j1kr17XCVv4Cgl9HdAiQY2x0GwKm7rWCw==
  dependencies:
    "@babel/helper-string-parser" "^7.24.8"
    "@babel/helper-validator-identifier" "^7.24.7"
    to-fast-properties "^2.0.0"

"@bufbuild/protobuf@^1.0.0":
  version "1.10.0"
  resolved "https://registry.yarnpkg.com/@bufbuild/protobuf/-/protobuf-1.10.0.tgz#1a67ac889c2d464a3492b3e54c38f80517963b16"
  integrity sha512-QDdVFLoN93Zjg36NoQPZfsVH9tZew7wKDKyV5qRdj8ntT4wQCOradQjRaTdwMhWUYsgKsvCINKKm87FdEk96Ag==

"@esbuild/aix-ppc64@0.21.5":
  version "0.21.5"
  resolved "https://registry.yarnpkg.com/@esbuild/aix-ppc64/-/aix-ppc64-0.21.5.tgz#c7184a326533fcdf1b8ee0733e21c713b975575f"
  integrity sha512-1SDgH6ZSPTlggy1yI6+Dbkiz8xzpHJEVAlF/AM1tHPLsf5STom9rwtjE4hKAF20FfXXNTFqEYXyJNWh1GiZedQ==

"@esbuild/android-arm64@0.21.5":
  version "0.21.5"
  resolved "https://registry.yarnpkg.com/@esbuild/android-arm64/-/android-arm64-0.21.5.tgz#09d9b4357780da9ea3a7dfb833a1f1ff439b4052"
  integrity sha512-c0uX9VAUBQ7dTDCjq+wdyGLowMdtR/GoC2U5IYk/7D1H1JYC0qseD7+11iMP2mRLN9RcCMRcjC4YMclCzGwS/A==

"@esbuild/android-arm@0.21.5":
  version "0.21.5"
  resolved "https://registry.yarnpkg.com/@esbuild/android-arm/-/android-arm-0.21.5.tgz#9b04384fb771926dfa6d7ad04324ecb2ab9b2e28"
  integrity sha512-vCPvzSjpPHEi1siZdlvAlsPxXl7WbOVUBBAowWug4rJHb68Ox8KualB+1ocNvT5fjv6wpkX6o/iEpbDrf68zcg==

"@esbuild/android-x64@0.21.5":
  version "0.21.5"
  resolved "https://registry.yarnpkg.com/@esbuild/android-x64/-/android-x64-0.21.5.tgz#29918ec2db754cedcb6c1b04de8cd6547af6461e"
  integrity sha512-D7aPRUUNHRBwHxzxRvp856rjUHRFW1SdQATKXH2hqA0kAZb1hKmi02OpYRacl0TxIGz/ZmXWlbZgjwWYaCakTA==

"@esbuild/darwin-arm64@0.21.5":
  version "0.21.5"
  resolved "https://registry.yarnpkg.com/@esbuild/darwin-arm64/-/darwin-arm64-0.21.5.tgz#e495b539660e51690f3928af50a76fb0a6ccff2a"
  integrity sha512-DwqXqZyuk5AiWWf3UfLiRDJ5EDd49zg6O9wclZ7kUMv2WRFr4HKjXp/5t8JZ11QbQfUS6/cRCKGwYhtNAY88kQ==

"@esbuild/darwin-x64@0.21.5":
  version "0.21.5"
  resolved "https://registry.yarnpkg.com/@esbuild/darwin-x64/-/darwin-x64-0.21.5.tgz#c13838fa57372839abdddc91d71542ceea2e1e22"
  integrity sha512-se/JjF8NlmKVG4kNIuyWMV/22ZaerB+qaSi5MdrXtd6R08kvs2qCN4C09miupktDitvh8jRFflwGFBQcxZRjbw==

"@esbuild/freebsd-arm64@0.21.5":
  version "0.21.5"
  resolved "https://registry.yarnpkg.com/@esbuild/freebsd-arm64/-/freebsd-arm64-0.21.5.tgz#646b989aa20bf89fd071dd5dbfad69a3542e550e"
  integrity sha512-5JcRxxRDUJLX8JXp/wcBCy3pENnCgBR9bN6JsY4OmhfUtIHe3ZW0mawA7+RDAcMLrMIZaf03NlQiX9DGyB8h4g==

"@esbuild/freebsd-x64@0.21.5":
  version "0.21.5"
  resolved "https://registry.yarnpkg.com/@esbuild/freebsd-x64/-/freebsd-x64-0.21.5.tgz#aa615cfc80af954d3458906e38ca22c18cf5c261"
  integrity sha512-J95kNBj1zkbMXtHVH29bBriQygMXqoVQOQYA+ISs0/2l3T9/kj42ow2mpqerRBxDJnmkUDCaQT/dfNXWX/ZZCQ==

"@esbuild/linux-arm64@0.21.5":
  version "0.21.5"
  resolved "https://registry.yarnpkg.com/@esbuild/linux-arm64/-/linux-arm64-0.21.5.tgz#70ac6fa14f5cb7e1f7f887bcffb680ad09922b5b"
  integrity sha512-ibKvmyYzKsBeX8d8I7MH/TMfWDXBF3db4qM6sy+7re0YXya+K1cem3on9XgdT2EQGMu4hQyZhan7TeQ8XkGp4Q==

"@esbuild/linux-arm@0.21.5":
  version "0.21.5"
  resolved "https://registry.yarnpkg.com/@esbuild/linux-arm/-/linux-arm-0.21.5.tgz#fc6fd11a8aca56c1f6f3894f2bea0479f8f626b9"
  integrity sha512-bPb5AHZtbeNGjCKVZ9UGqGwo8EUu4cLq68E95A53KlxAPRmUyYv2D6F0uUI65XisGOL1hBP5mTronbgo+0bFcA==

"@esbuild/linux-ia32@0.21.5":
  version "0.21.5"
  resolved "https://registry.yarnpkg.com/@esbuild/linux-ia32/-/linux-ia32-0.21.5.tgz#3271f53b3f93e3d093d518d1649d6d68d346ede2"
  integrity sha512-YvjXDqLRqPDl2dvRODYmmhz4rPeVKYvppfGYKSNGdyZkA01046pLWyRKKI3ax8fbJoK5QbxblURkwK/MWY18Tg==

"@esbuild/linux-loong64@0.21.5":
  version "0.21.5"
  resolved "https://registry.yarnpkg.com/@esbuild/linux-loong64/-/linux-loong64-0.21.5.tgz#ed62e04238c57026aea831c5a130b73c0f9f26df"
  integrity sha512-uHf1BmMG8qEvzdrzAqg2SIG/02+4/DHB6a9Kbya0XDvwDEKCoC8ZRWI5JJvNdUjtciBGFQ5PuBlpEOXQj+JQSg==

"@esbuild/linux-mips64el@0.21.5":
  version "0.21.5"
  resolved "https://registry.yarnpkg.com/@esbuild/linux-mips64el/-/linux-mips64el-0.21.5.tgz#e79b8eb48bf3b106fadec1ac8240fb97b4e64cbe"
  integrity sha512-IajOmO+KJK23bj52dFSNCMsz1QP1DqM6cwLUv3W1QwyxkyIWecfafnI555fvSGqEKwjMXVLokcV5ygHW5b3Jbg==

"@esbuild/linux-ppc64@0.21.5":
  version "0.21.5"
  resolved "https://registry.yarnpkg.com/@esbuild/linux-ppc64/-/linux-ppc64-0.21.5.tgz#5f2203860a143b9919d383ef7573521fb154c3e4"
  integrity sha512-1hHV/Z4OEfMwpLO8rp7CvlhBDnjsC3CttJXIhBi+5Aj5r+MBvy4egg7wCbe//hSsT+RvDAG7s81tAvpL2XAE4w==

"@esbuild/linux-riscv64@0.21.5":
  version "0.21.5"
  resolved "https://registry.yarnpkg.com/@esbuild/linux-riscv64/-/linux-riscv64-0.21.5.tgz#07bcafd99322d5af62f618cb9e6a9b7f4bb825dc"
  integrity sha512-2HdXDMd9GMgTGrPWnJzP2ALSokE/0O5HhTUvWIbD3YdjME8JwvSCnNGBnTThKGEB91OZhzrJ4qIIxk/SBmyDDA==

"@esbuild/linux-s390x@0.21.5":
  version "0.21.5"
  resolved "https://registry.yarnpkg.com/@esbuild/linux-s390x/-/linux-s390x-0.21.5.tgz#b7ccf686751d6a3e44b8627ababc8be3ef62d8de"
  integrity sha512-zus5sxzqBJD3eXxwvjN1yQkRepANgxE9lgOW2qLnmr8ikMTphkjgXu1HR01K4FJg8h1kEEDAqDcZQtbrRnB41A==

"@esbuild/linux-x64@0.21.5":
  version "0.21.5"
  resolved "https://registry.yarnpkg.com/@esbuild/linux-x64/-/linux-x64-0.21.5.tgz#6d8f0c768e070e64309af8004bb94e68ab2bb3b0"
  integrity sha512-1rYdTpyv03iycF1+BhzrzQJCdOuAOtaqHTWJZCWvijKD2N5Xu0TtVC8/+1faWqcP9iBCWOmjmhoH94dH82BxPQ==

"@esbuild/netbsd-x64@0.21.5":
  version "0.21.5"
  resolved "https://registry.yarnpkg.com/@esbuild/netbsd-x64/-/netbsd-x64-0.21.5.tgz#bbe430f60d378ecb88decb219c602667387a6047"
  integrity sha512-Woi2MXzXjMULccIwMnLciyZH4nCIMpWQAs049KEeMvOcNADVxo0UBIQPfSmxB3CWKedngg7sWZdLvLczpe0tLg==

"@esbuild/openbsd-x64@0.21.5":
  version "0.21.5"
  resolved "https://registry.yarnpkg.com/@esbuild/openbsd-x64/-/openbsd-x64-0.21.5.tgz#99d1cf2937279560d2104821f5ccce220cb2af70"
  integrity sha512-HLNNw99xsvx12lFBUwoT8EVCsSvRNDVxNpjZ7bPn947b8gJPzeHWyNVhFsaerc0n3TsbOINvRP2byTZ5LKezow==

"@esbuild/sunos-x64@0.21.5":
  version "0.21.5"
  resolved "https://registry.yarnpkg.com/@esbuild/sunos-x64/-/sunos-x64-0.21.5.tgz#08741512c10d529566baba837b4fe052c8f3487b"
  integrity sha512-6+gjmFpfy0BHU5Tpptkuh8+uw3mnrvgs+dSPQXQOv3ekbordwnzTVEb4qnIvQcYXq6gzkyTnoZ9dZG+D4garKg==

"@esbuild/win32-arm64@0.21.5":
  version "0.21.5"
  resolved "https://registry.yarnpkg.com/@esbuild/win32-arm64/-/win32-arm64-0.21.5.tgz#675b7385398411240735016144ab2e99a60fc75d"
  integrity sha512-Z0gOTd75VvXqyq7nsl93zwahcTROgqvuAcYDUr+vOv8uHhNSKROyU961kgtCD1e95IqPKSQKH7tBTslnS3tA8A==

"@esbuild/win32-ia32@0.21.5":
  version "0.21.5"
  resolved "https://registry.yarnpkg.com/@esbuild/win32-ia32/-/win32-ia32-0.21.5.tgz#1bfc3ce98aa6ca9a0969e4d2af72144c59c1193b"
  integrity sha512-SWXFF1CL2RVNMaVs+BBClwtfZSvDgtL//G/smwAc5oVK/UPu2Gu9tIaRgFmYFFKrmg3SyAjSrElf0TiJ1v8fYA==

"@esbuild/win32-x64@0.21.5":
  version "0.21.5"
  resolved "https://registry.yarnpkg.com/@esbuild/win32-x64/-/win32-x64-0.21.5.tgz#acad351d582d157bb145535db2a6ff53dd514b5c"
  integrity sha512-tQd/1efJuzPC6rCFwEvLtci/xNFcTZknmXs98FYDfGE4wP9ClFV98nyKrzJKVPMhdDnjzLhdUyMX4PsQAPjwIw==

"@jridgewell/sourcemap-codec@^1.5.0":
  version "1.5.0"
  resolved "https://registry.yarnpkg.com/@jridgewell/sourcemap-codec/-/sourcemap-codec-1.5.0.tgz#3188bcb273a414b0d215fd22a58540b989b9409a"
  integrity sha512-gv3ZRaISU3fjPAgNsriBRqGWQL6quFx04YMPW/zD8XMLsU32mhCCbfbO6KZFLjvYpCZ8zyDEgqsgf+PwPaM7GQ==

"@phosphor-icons/vue@^2.2.1":
  version "2.2.1"
  resolved "https://registry.yarnpkg.com/@phosphor-icons/vue/-/vue-2.2.1.tgz#e836db5c56e15b04bdad99195308e24597a82b4e"
  integrity sha512-3RNg1utc2Z5RwPKWFkW3eXI/0BfQAwXgtFxPUPeSzi55jGYUq16b+UqcgbKLazWFlwg5R92OCLKjDiJjeiJcnA==

"@rollup/rollup-android-arm-eabi@4.21.2":
  version "4.21.2"
  resolved "https://registry.yarnpkg.com/@rollup/rollup-android-arm-eabi/-/rollup-android-arm-eabi-4.21.2.tgz#0412834dc423d1ff7be4cb1fc13a86a0cd262c11"
  integrity sha512-fSuPrt0ZO8uXeS+xP3b+yYTCBUd05MoSp2N/MFOgjhhUhMmchXlpTQrTpI8T+YAwAQuK7MafsCOxW7VrPMrJcg==

"@rollup/rollup-android-arm64@4.21.2":
  version "4.21.2"
  resolved "https://registry.yarnpkg.com/@rollup/rollup-android-arm64/-/rollup-android-arm64-4.21.2.tgz#baf1a014b13654f3b9e835388df9caf8c35389cb"
  integrity sha512-xGU5ZQmPlsjQS6tzTTGwMsnKUtu0WVbl0hYpTPauvbRAnmIvpInhJtgjj3mcuJpEiuUw4v1s4BimkdfDWlh7gA==

"@rollup/rollup-darwin-arm64@4.21.2":
  version "4.21.2"
  resolved "https://registry.yarnpkg.com/@rollup/rollup-darwin-arm64/-/rollup-darwin-arm64-4.21.2.tgz#0a2c364e775acdf1172fe3327662eec7c46e55b1"
  integrity sha512-99AhQ3/ZMxU7jw34Sq8brzXqWH/bMnf7ZVhvLk9QU2cOepbQSVTns6qoErJmSiAvU3InRqC2RRZ5ovh1KN0d0Q==

"@rollup/rollup-darwin-x64@4.21.2":
  version "4.21.2"
  resolved "https://registry.yarnpkg.com/@rollup/rollup-darwin-x64/-/rollup-darwin-x64-4.21.2.tgz#a972db75890dfab8df0da228c28993220a468c42"
  integrity sha512-ZbRaUvw2iN/y37x6dY50D8m2BnDbBjlnMPotDi/qITMJ4sIxNY33HArjikDyakhSv0+ybdUxhWxE6kTI4oX26w==

"@rollup/rollup-linux-arm-gnueabihf@4.21.2":
  version "4.21.2"
  resolved "https://registry.yarnpkg.com/@rollup/rollup-linux-arm-gnueabihf/-/rollup-linux-arm-gnueabihf-4.21.2.tgz#1609d0630ef61109dd19a278353e5176d92e30a1"
  integrity sha512-ztRJJMiE8nnU1YFcdbd9BcH6bGWG1z+jP+IPW2oDUAPxPjo9dverIOyXz76m6IPA6udEL12reYeLojzW2cYL7w==

"@rollup/rollup-linux-arm-musleabihf@4.21.2":
  version "4.21.2"
  resolved "https://registry.yarnpkg.com/@rollup/rollup-linux-arm-musleabihf/-/rollup-linux-arm-musleabihf-4.21.2.tgz#3c1dca5f160aa2e79e4b20ff6395eab21804f266"
  integrity sha512-flOcGHDZajGKYpLV0JNc0VFH361M7rnV1ee+NTeC/BQQ1/0pllYcFmxpagltANYt8FYf9+kL6RSk80Ziwyhr7w==

"@rollup/rollup-linux-arm64-gnu@4.21.2":
  version "4.21.2"
  resolved "https://registry.yarnpkg.com/@rollup/rollup-linux-arm64-gnu/-/rollup-linux-arm64-gnu-4.21.2.tgz#c2fe376e8b04eafb52a286668a8df7c761470ac7"
  integrity sha512-69CF19Kp3TdMopyteO/LJbWufOzqqXzkrv4L2sP8kfMaAQ6iwky7NoXTp7bD6/irKgknDKM0P9E/1l5XxVQAhw==

"@rollup/rollup-linux-arm64-musl@4.21.2":
  version "4.21.2"
  resolved "https://registry.yarnpkg.com/@rollup/rollup-linux-arm64-musl/-/rollup-linux-arm64-musl-4.21.2.tgz#e62a4235f01e0f66dbba587c087ca6db8008ec80"
  integrity sha512-48pD/fJkTiHAZTnZwR0VzHrao70/4MlzJrq0ZsILjLW/Ab/1XlVUStYyGt7tdyIiVSlGZbnliqmult/QGA2O2w==

"@rollup/rollup-linux-powerpc64le-gnu@4.21.2":
  version "4.21.2"
  resolved "https://registry.yarnpkg.com/@rollup/rollup-linux-powerpc64le-gnu/-/rollup-linux-powerpc64le-gnu-4.21.2.tgz#24b3457e75ee9ae5b1c198bd39eea53222a74e54"
  integrity sha512-cZdyuInj0ofc7mAQpKcPR2a2iu4YM4FQfuUzCVA2u4HI95lCwzjoPtdWjdpDKyHxI0UO82bLDoOaLfpZ/wviyQ==

"@rollup/rollup-linux-riscv64-gnu@4.21.2":
  version "4.21.2"
  resolved "https://registry.yarnpkg.com/@rollup/rollup-linux-riscv64-gnu/-/rollup-linux-riscv64-gnu-4.21.2.tgz#38edfba9620fe2ca8116c97e02bd9f2d606bde09"
  integrity sha512-RL56JMT6NwQ0lXIQmMIWr1SW28z4E4pOhRRNqwWZeXpRlykRIlEpSWdsgNWJbYBEWD84eocjSGDu/XxbYeCmwg==

"@rollup/rollup-linux-s390x-gnu@4.21.2":
  version "4.21.2"
  resolved "https://registry.yarnpkg.com/@rollup/rollup-linux-s390x-gnu/-/rollup-linux-s390x-gnu-4.21.2.tgz#a3bfb8bc5f1e802f8c76cff4a4be2e9f9ac36a18"
  integrity sha512-PMxkrWS9z38bCr3rWvDFVGD6sFeZJw4iQlhrup7ReGmfn7Oukrr/zweLhYX6v2/8J6Cep9IEA/SmjXjCmSbrMQ==

"@rollup/rollup-linux-x64-gnu@4.21.2":
  version "4.21.2"
  resolved "https://registry.yarnpkg.com/@rollup/rollup-linux-x64-gnu/-/rollup-linux-x64-gnu-4.21.2.tgz#0dadf34be9199fcdda44b5985a086326344f30ad"
  integrity sha512-B90tYAUoLhU22olrafY3JQCFLnT3NglazdwkHyxNDYF/zAxJt5fJUB/yBoWFoIQ7SQj+KLe3iL4BhOMa9fzgpw==

"@rollup/rollup-linux-x64-musl@4.21.2":
  version "4.21.2"
  resolved "https://registry.yarnpkg.com/@rollup/rollup-linux-x64-musl/-/rollup-linux-x64-musl-4.21.2.tgz#7b7deddce240400eb87f2406a445061b4fed99a8"
  integrity sha512-7twFizNXudESmC9oneLGIUmoHiiLppz/Xs5uJQ4ShvE6234K0VB1/aJYU3f/4g7PhssLGKBVCC37uRkkOi8wjg==

"@rollup/rollup-win32-arm64-msvc@4.21.2":
  version "4.21.2"
  resolved "https://registry.yarnpkg.com/@rollup/rollup-win32-arm64-msvc/-/rollup-win32-arm64-msvc-4.21.2.tgz#a0ca0c5149c2cfb26fab32e6ba3f16996fbdb504"
  integrity sha512-9rRero0E7qTeYf6+rFh3AErTNU1VCQg2mn7CQcI44vNUWM9Ze7MSRS/9RFuSsox+vstRt97+x3sOhEey024FRQ==

"@rollup/rollup-win32-ia32-msvc@4.21.2":
  version "4.21.2"
  resolved "https://registry.yarnpkg.com/@rollup/rollup-win32-ia32-msvc/-/rollup-win32-ia32-msvc-4.21.2.tgz#aae2886beec3024203dbb5569db3a137bc385f8e"
  integrity sha512-5rA4vjlqgrpbFVVHX3qkrCo/fZTj1q0Xxpg+Z7yIo3J2AilW7t2+n6Q8Jrx+4MrYpAnjttTYF8rr7bP46BPzRw==

"@rollup/rollup-win32-x64-msvc@4.21.2":
  version "4.21.2"
  resolved "https://registry.yarnpkg.com/@rollup/rollup-win32-x64-msvc/-/rollup-win32-x64-msvc-4.21.2.tgz#e4291e3c1bc637083f87936c333cdbcad22af63b"
  integrity sha512-6UUxd0+SKomjdzuAcp+HAmxw1FlGBnl1v2yEPSabtx4lBfdXHDVsW7+lQkgz9cNFJGY3AWR7+V8P5BqkD9L9nA==

"@tsconfig/node20@^20.1.4":
  version "20.1.4"
  resolved "https://registry.yarnpkg.com/@tsconfig/node20/-/node20-20.1.4.tgz#3457d42eddf12d3bde3976186ab0cd22b85df928"
  integrity sha512-sqgsT69YFeLWf5NtJ4Xq/xAF8p4ZQHlmGW74Nu2tD4+g5fAsposc4ZfaaPixVu4y01BEiDCWLRDCvDM5JOsRxg==

"@types/estree@1.0.5":
  version "1.0.5"
  resolved "https://registry.yarnpkg.com/@types/estree/-/estree-1.0.5.tgz#a6ce3e556e00fd9895dd872dd172ad0d4bd687f4"
  integrity sha512-/kYRxGDLWzHOB7q+wtSUQlFrtcdUccpfy+X+9iMBpHK8QLLhx2wIPYuS5DYtR9Wa/YlZAbIovy7qVdB1Aq6Lyw==

"@types/node@^20.14.5":
  version "20.16.5"
  resolved "https://registry.yarnpkg.com/@types/node/-/node-20.16.5.tgz#d43c7f973b32ffdf9aa7bd4f80e1072310fd7a53"
  integrity sha512-VwYCweNo3ERajwy0IUlqqcyZ8/A7Zwa9ZP3MnENWcB11AejO+tLy3pu850goUW2FC/IJMdZUfKpX/yxL1gymCA==
  dependencies:
    undici-types "~6.19.2"

"@vitejs/plugin-vue@^5.0.5":
  version "5.1.3"
  resolved "https://registry.yarnpkg.com/@vitejs/plugin-vue/-/plugin-vue-5.1.3.tgz#42b55c1a4d6f329aea25c5a24db51a31db31c693"
  integrity sha512-3xbWsKEKXYlmX82aOHufFQVnkbMC/v8fLpWwh6hWOUrK5fbbtBh9Q/WWse27BFgSy2/e2c0fz5Scgya9h2GLhw==

"@volar/language-core@2.4.4", "@volar/language-core@~2.4.1":
  version "2.4.4"
  resolved "https://registry.yarnpkg.com/@volar/language-core/-/language-core-2.4.4.tgz#4e05ee09f283ab55c37677f80f5faa5e5b3fe2fe"
  integrity sha512-kO9k4kTLfxpg+6lq7/KAIv3m2d62IHuCL6GbVgYZTpfKvIGoAIlDxK7pFcB/eczN2+ydg/vnyaeZ6SGyZrJw2w==
  dependencies:
    "@volar/source-map" "2.4.4"

"@volar/source-map@2.4.4":
  version "2.4.4"
  resolved "https://registry.yarnpkg.com/@volar/source-map/-/source-map-2.4.4.tgz#98612684bfc54620f7b49c969d4657465c306faf"
  integrity sha512-xG3PZqOP2haG8XG4Pg3PD1UGDAdqZg24Ru8c/qYjYAnmcj6GBR64mstx+bZux5QOyRaJK+/lNM/RnpvBD3489g==

"@volar/typescript@~2.4.1":
  version "2.4.4"
  resolved "https://registry.yarnpkg.com/@volar/typescript/-/typescript-2.4.4.tgz#c6679dc6bc1e86483f1d34f22ed2c2b0100f9838"
  integrity sha512-QQMQRVj0fVHJ3XdRKiS1LclhG0VBXdFYlyuHRQF/xLk2PuJuHNWP26MDZNvEVCvnyUQuUQhIAfylwY5TGPgc6w==
  dependencies:
    "@volar/language-core" "2.4.4"
    path-browserify "^1.0.1"
    vscode-uri "^3.0.8"

"@vue/compiler-core@3.5.3":
  version "3.5.3"
  resolved "https://registry.yarnpkg.com/@vue/compiler-core/-/compiler-core-3.5.3.tgz#93476cc858c8a4e5e9670c9a9185661026136dee"
  integrity sha512-adAfy9boPkP233NTyvLbGEqVuIfK/R0ZsBsIOW4BZNfb4BRpRW41Do1u+ozJpsb+mdoy80O20IzAsHaihRb5qA==
  dependencies:
    "@babel/parser" "^7.25.3"
    "@vue/shared" "3.5.3"
    entities "^4.5.0"
    estree-walker "^2.0.2"
    source-map-js "^1.2.0"

"@vue/compiler-dom@3.5.3", "@vue/compiler-dom@^3.4.0":
  version "3.5.3"
  resolved "https://registry.yarnpkg.com/@vue/compiler-dom/-/compiler-dom-3.5.3.tgz#195f21b2c700477e4c3e21f4c98edc7032aedca3"
  integrity sha512-wnzFArg9zpvk/811CDOZOadJRugf1Bgl/TQ3RfV4nKfSPok4hi0w10ziYUQR6LnnBAUlEXYLUfZ71Oj9ds/+QA==
  dependencies:
    "@vue/compiler-core" "3.5.3"
    "@vue/shared" "3.5.3"

"@vue/compiler-sfc@3.5.3":
  version "3.5.3"
  resolved "https://registry.yarnpkg.com/@vue/compiler-sfc/-/compiler-sfc-3.5.3.tgz#d44c1cafe94d26f74fa4864cabc948c3908a27de"
  integrity sha512-P3uATLny2tfyvMB04OQFe7Sczteno7SLFxwrOA/dw01pBWQHB5HL15a8PosoNX2aG/EAMGqnXTu+1LnmzFhpTQ==
  dependencies:
    "@babel/parser" "^7.25.3"
    "@vue/compiler-core" "3.5.3"
    "@vue/compiler-dom" "3.5.3"
    "@vue/compiler-ssr" "3.5.3"
    "@vue/shared" "3.5.3"
    estree-walker "^2.0.2"
    magic-string "^0.30.11"
    postcss "^8.4.44"
    source-map-js "^1.2.0"

"@vue/compiler-ssr@3.5.3":
  version "3.5.3"
  resolved "https://registry.yarnpkg.com/@vue/compiler-ssr/-/compiler-ssr-3.5.3.tgz#ef8a98385f571e36798a82d783ac369a06d24f5c"
  integrity sha512-F/5f+r2WzL/2YAPl7UlKcJWHrvoZN8XwEBLnT7S4BXwncH25iDOabhO2M2DWioyTguJAGavDOawejkFXj8EM1w==
  dependencies:
    "@vue/compiler-dom" "3.5.3"
    "@vue/shared" "3.5.3"

"@vue/compiler-vue2@^2.7.16":
  version "2.7.16"
  resolved "https://registry.yarnpkg.com/@vue/compiler-vue2/-/compiler-vue2-2.7.16.tgz#2ba837cbd3f1b33c2bc865fbe1a3b53fb611e249"
  integrity sha512-qYC3Psj9S/mfu9uVi5WvNZIzq+xnXMhOwbTFKKDD7b1lhpnn71jXSFdTQ+WsIEk0ONCd7VV2IMm7ONl6tbQ86A==
  dependencies:
    de-indent "^1.0.2"
    he "^1.2.0"

"@vue/devtools-api@^6.6.3":
  version "6.6.3"
  resolved "https://registry.yarnpkg.com/@vue/devtools-api/-/devtools-api-6.6.3.tgz#b23a588154cba8986bba82b6e1d0248bde3fd1a0"
  integrity sha512-0MiMsFma/HqA6g3KLKn+AGpL1kgKhFWszC9U29NfpWK5LE7bjeXxySWJrOJ77hBz+TBrBQ7o4QJqbPbqbs8rJw==

"@vue/language-core@2.1.6":
  version "2.1.6"
  resolved "https://registry.yarnpkg.com/@vue/language-core/-/language-core-2.1.6.tgz#b48186bdb9b3ef2b83e1f76d5b1ac357b3a7ed94"
  integrity sha512-MW569cSky9R/ooKMh6xa2g1D0AtRKbL56k83dzus/bx//RDJk24RHWkMzbAlXjMdDNyxAaagKPRquBIxkxlCkg==
  dependencies:
    "@volar/language-core" "~2.4.1"
    "@vue/compiler-dom" "^3.4.0"
    "@vue/compiler-vue2" "^2.7.16"
    "@vue/shared" "^3.4.0"
    computeds "^0.0.1"
    minimatch "^9.0.3"
    muggle-string "^0.4.1"
    path-browserify "^1.0.1"

"@vue/reactivity@3.5.3":
  version "3.5.3"
  resolved "https://registry.yarnpkg.com/@vue/reactivity/-/reactivity-3.5.3.tgz#0bdc6031d5be973ee0f807f82259d5579fb46fb6"
  integrity sha512-2w61UnRWTP7+rj1H/j6FH706gRBHdFVpIqEkSDAyIpafBXYH8xt4gttstbbCWdU3OlcSWO8/3mbKl/93/HSMpw==
  dependencies:
    "@vue/shared" "3.5.3"

"@vue/runtime-core@3.5.3":
  version "3.5.3"
  resolved "https://registry.yarnpkg.com/@vue/runtime-core/-/runtime-core-3.5.3.tgz#8126927e4b0cf87a8a7d32822abe8170b8c99edf"
  integrity sha512-5b2AQw5OZlmCzSsSBWYoZOsy75N4UdMWenTfDdI5bAzXnuVR7iR8Q4AOzQm2OGoA41xjk53VQKrqQhOz2ktWaw==
  dependencies:
    "@vue/reactivity" "3.5.3"
    "@vue/shared" "3.5.3"

"@vue/runtime-dom@3.5.3":
  version "3.5.3"
  resolved "https://registry.yarnpkg.com/@vue/runtime-dom/-/runtime-dom-3.5.3.tgz#f07ba3faecfd39feb54c4d13d8cc4416ca28f111"
  integrity sha512-wPR1DEGc3XnQ7yHbmkTt3GoY0cEnVGQnARRdAkDzZ8MbUKEs26gogCQo6AOvvgahfjIcnvWJzkZArQ1fmWjcSg==
  dependencies:
    "@vue/reactivity" "3.5.3"
    "@vue/runtime-core" "3.5.3"
    "@vue/shared" "3.5.3"
    csstype "^3.1.3"

"@vue/server-renderer@3.5.3":
  version "3.5.3"
  resolved "https://registry.yarnpkg.com/@vue/server-renderer/-/server-renderer-3.5.3.tgz#1cbf7bb83cf1a6c7cdcea4ae3afca65c3cf6cf29"
  integrity sha512-28volmaZVG2PGO3V3+gBPKoSHvLlE8FGfG/GKXKkjjfxLuj/50B/0OQGakM/g6ehQeqCrZYM4eHC4Ks48eig1Q==
  dependencies:
    "@vue/compiler-ssr" "3.5.3"
    "@vue/shared" "3.5.3"

"@vue/shared@3.5.3", "@vue/shared@^3.4.0":
  version "3.5.3"
  resolved "https://registry.yarnpkg.com/@vue/shared/-/shared-3.5.3.tgz#fb7149372cf5768b9a9f980067c5d0ebac8dc833"
  integrity sha512-Jp2v8nylKBT+PlOUjun2Wp/f++TfJVFjshLzNtJDdmFJabJa7noGMncqXRM1vXGX+Yo2V7WykQFNxusSim8SCA==

"@vue/tsconfig@^0.5.1":
  version "0.5.1"
  resolved "https://registry.yarnpkg.com/@vue/tsconfig/-/tsconfig-0.5.1.tgz#3124ec16cc0c7e04165b88dc091e6b97782fffa9"
  integrity sha512-VcZK7MvpjuTPx2w6blwnwZAu5/LgBUtejFOi3pPGQFXQN5Ela03FUtd2Qtg4yWGGissVL0dr6Ro1LfOFh+PCuQ==

ansi-styles@^6.2.1:
  version "6.2.1"
  resolved "https://registry.yarnpkg.com/ansi-styles/-/ansi-styles-6.2.1.tgz#0e62320cf99c21afff3b3012192546aacbfb05c5"
  integrity sha512-bN798gFfQX+viw3R7yrGWRqnrN2oRkEkUjjl4JNn4E8GxxbjtG3FbrEIIY3l8/hrwUwIeCZvi4QuOTP4MErVug==

balanced-match@^1.0.0:
  version "1.0.2"
  resolved "https://registry.yarnpkg.com/balanced-match/-/balanced-match-1.0.2.tgz#e83e3a7e3f300b34cb9d87f615fa0cbf357690ee"
  integrity sha512-3oSeUO0TMV67hN1AmbXsK4yaqU7tjiHlbxRDZOpH0KW9+CeX4bRAaX0Anxt0tx2MrpRpWwQaPwIlISEJhYU5Pw==

brace-expansion@^2.0.1:
  version "2.0.1"
  resolved "https://registry.yarnpkg.com/brace-expansion/-/brace-expansion-2.0.1.tgz#1edc459e0f0c548486ecf9fc99f2221364b9a0ae"
  integrity sha512-XnAIvQ8eM+kC6aULx6wuQiwVsnzsi9d3WxzV3FpWTGA19F621kwdbsAcFKXgKUHZWsy+mY6iL1sHTxWEFCytDA==
  dependencies:
    balanced-match "^1.0.0"

buffer-builder@^0.2.0:
  version "0.2.0"
  resolved "https://registry.yarnpkg.com/buffer-builder/-/buffer-builder-0.2.0.tgz#3322cd307d8296dab1f604618593b261a3fade8f"
  integrity sha512-7VPMEPuYznPSoR21NE1zvd2Xna6c/CloiZCfcMXR1Jny6PjX0N4Nsa38zcBFo/FMK+BlA+FLKbJCQ0i2yxp+Xg==

computeds@^0.0.1:
  version "0.0.1"
  resolved "https://registry.yarnpkg.com/computeds/-/computeds-0.0.1.tgz#215b08a4ba3e08a11ff6eee5d6d8d7166a97ce2e"
  integrity sha512-7CEBgcMjVmitjYo5q8JTJVra6X5mQ20uTThdK+0kR7UEaDrAWEQcRiBtWJzga4eRpP6afNwwLsX2SET2JhVB1Q==

cross-spawn@^7.0.3:
  version "7.0.3"
  resolved "https://registry.yarnpkg.com/cross-spawn/-/cross-spawn-7.0.3.tgz#f73a85b9d5d41d045551c177e2882d4ac85728a6"
  integrity sha512-iRDPJKUPVEND7dHPO8rkbOnPpyDygcDFtWjpeWNCgy8WP2rXcxXL8TskReQl6OrB2G7+UJrags1q15Fudc7G6w==
  dependencies:
    path-key "^3.1.0"
    shebang-command "^2.0.0"
    which "^2.0.1"

csstype@^3.1.3:
  version "3.1.3"
  resolved "https://registry.yarnpkg.com/csstype/-/csstype-3.1.3.tgz#d80ff294d114fb0e6ac500fbf85b60137d7eff81"
  integrity sha512-M1uQkMl8rQK/szD0LNhtqxIPLpimGm8sOBwU7lLnCpSbTyY3yeU1Vc7l4KT5zT4s/yOxHH5O7tIuuLOCnLADRw==

de-indent@^1.0.2:
  version "1.0.2"
  resolved "https://registry.yarnpkg.com/de-indent/-/de-indent-1.0.2.tgz#b2038e846dc33baa5796128d0804b455b8c1e21d"
  integrity sha512-e/1zu3xH5MQryN2zdVaF0OrdNLUbvWxzMbi+iNA6Bky7l1RoP8a2fIbRocyHclXt/arDrrR6lL3TqFD9pMQTsg==

entities@^4.5.0:
  version "4.5.0"
  resolved "https://registry.yarnpkg.com/entities/-/entities-4.5.0.tgz#5d268ea5e7113ec74c4d033b79ea5a35a488fb48"
  integrity sha512-V0hjH4dGPh9Ao5p0MoRY6BVqtwCjhz6vI5LT8AJ55H+4g9/4vbHx1I54fS0XuclLhDHArPQCiMjDxjaL8fPxhw==

esbuild@^0.21.3:
  version "0.21.5"
  resolved "https://registry.yarnpkg.com/esbuild/-/esbuild-0.21.5.tgz#9ca301b120922959b766360d8ac830da0d02997d"
  integrity sha512-mg3OPMV4hXywwpoDxu3Qda5xCKQi+vCTZq8S9J/EpkhB2HzKXq4SNFZE3+NK93JYxc8VMSep+lOUSC/RVKaBqw==
  optionalDependencies:
    "@esbuild/aix-ppc64" "0.21.5"
    "@esbuild/android-arm" "0.21.5"
    "@esbuild/android-arm64" "0.21.5"
    "@esbuild/android-x64" "0.21.5"
    "@esbuild/darwin-arm64" "0.21.5"
    "@esbuild/darwin-x64" "0.21.5"
    "@esbuild/freebsd-arm64" "0.21.5"
    "@esbuild/freebsd-x64" "0.21.5"
    "@esbuild/linux-arm" "0.21.5"
    "@esbuild/linux-arm64" "0.21.5"
    "@esbuild/linux-ia32" "0.21.5"
    "@esbuild/linux-loong64" "0.21.5"
    "@esbuild/linux-mips64el" "0.21.5"
    "@esbuild/linux-ppc64" "0.21.5"
    "@esbuild/linux-riscv64" "0.21.5"
    "@esbuild/linux-s390x" "0.21.5"
    "@esbuild/linux-x64" "0.21.5"
    "@esbuild/netbsd-x64" "0.21.5"
    "@esbuild/openbsd-x64" "0.21.5"
    "@esbuild/sunos-x64" "0.21.5"
    "@esbuild/win32-arm64" "0.21.5"
    "@esbuild/win32-ia32" "0.21.5"
    "@esbuild/win32-x64" "0.21.5"

estree-walker@^2.0.2:
  version "2.0.2"
  resolved "https://registry.yarnpkg.com/estree-walker/-/estree-walker-2.0.2.tgz#52f010178c2a4c117a7757cfe942adb7d2da4cac"
  integrity sha512-Rfkk/Mp/DL7JVje3u18FxFujQlTNR2q6QfMSMB7AvCBx91NGj/ba3kCfza0f6dVDbw7YlRf/nDrn7pQrCCyQ/w==

fsevents@~2.3.2, fsevents@~2.3.3:
  version "2.3.3"
  resolved "https://registry.yarnpkg.com/fsevents/-/fsevents-2.3.3.tgz#cac6407785d03675a2a5e1a5305c697b347d90d6"
  integrity sha512-5xoDfX+fL7faATnagmWPpbFtwh/R77WmMMqqHGS65C3vvB0YHrgF+B1YmZ3441tMj5n63k0212XNoJwzlhffQw==

has-flag@^4.0.0:
  version "4.0.0"
  resolved "https://registry.yarnpkg.com/has-flag/-/has-flag-4.0.0.tgz#944771fd9c81c81265c4d6941860da06bb59479b"
  integrity sha512-EykJT/Q1KjTWctppgIAgfSO0tKVuZUjhgMr17kqTumMl6Afv3EISleU7qZUzoXDFTAHTDC4NOoG/ZxU3EvlMPQ==

he@^1.2.0:
  version "1.2.0"
  resolved "https://registry.yarnpkg.com/he/-/he-1.2.0.tgz#84ae65fa7eafb165fddb61566ae14baf05664f0f"
  integrity sha512-F/1DnUGPopORZi0ni+CvrCgHQ5FyEAHRLSApuYWMmrbSwoN2Mn/7k+Gl38gJnR7yyDZk6WLXwiGod1JOWNDKGw==

immutable@^4.0.0:
  version "4.3.7"
  resolved "https://registry.yarnpkg.com/immutable/-/immutable-4.3.7.tgz#c70145fc90d89fb02021e65c84eb0226e4e5a381"
  integrity sha512-1hqclzwYwjRDFLjcFxOM5AYkkG0rpFPpr1RLPMEuGczoS7YA8gLhy8SWXYRAA/XwfEHpfo3cw5JGioS32fnMRw==

isexe@^2.0.0:
  version "2.0.0"
  resolved "https://registry.yarnpkg.com/isexe/-/isexe-2.0.0.tgz#e8fbf374dc556ff8947a10dcb0572d633f2cfa10"
  integrity sha512-RHxMLp9lnKHGHRng9QFhRCMbYAcVpn69smSGcq3f36xjgVVWThj4qqLbTLlq7Ssj8B+fIQ1EuCEGI2lKsyQeIw==

json-parse-even-better-errors@^3.0.0:
  version "3.0.2"
  resolved "https://registry.yarnpkg.com/json-parse-even-better-errors/-/json-parse-even-better-errors-3.0.2.tgz#b43d35e89c0f3be6b5fbbe9dc6c82467b30c28da"
  integrity sha512-fi0NG4bPjCHunUJffmLd0gxssIgkNmArMvis4iNah6Owg1MCJjWhEcDLmsK6iGkJq3tHwbDkTlce70/tmXN4cQ==

magic-string@^0.30.11:
  version "0.30.11"
  resolved "https://registry.yarnpkg.com/magic-string/-/magic-string-0.30.11.tgz#301a6f93b3e8c2cb13ac1a7a673492c0dfd12954"
  integrity sha512-+Wri9p0QHMy+545hKww7YAu5NyzF8iomPL/RQazugQ9+Ez4Ic3mERMd8ZTX5rfK944j+560ZJi8iAwgak1Ac7A==
  dependencies:
    "@jridgewell/sourcemap-codec" "^1.5.0"

memorystream@^0.3.1:
  version "0.3.1"
  resolved "https://registry.yarnpkg.com/memorystream/-/memorystream-0.3.1.tgz#86d7090b30ce455d63fbae12dda51a47ddcaf9b2"
  integrity sha512-S3UwM3yj5mtUSEfP41UZmt/0SCoVYUcU1rkXv+BQ5Ig8ndL4sPoJNBUJERafdPb5jjHJGuMgytgKvKIf58XNBw==

minimatch@^9.0.0, minimatch@^9.0.3:
  version "9.0.5"
  resolved "https://registry.yarnpkg.com/minimatch/-/minimatch-9.0.5.tgz#d74f9dd6b57d83d8e98cfb82133b03978bc929e5"
  integrity sha512-G6T0ZX48xgozx7587koeX9Ys2NYy6Gmv//P89sEte9V9whIapMNF4idKxnW2QtCcLiTWlb/wfCabAtAFWhhBow==
  dependencies:
    brace-expansion "^2.0.1"

muggle-string@^0.4.1:
  version "0.4.1"
  resolved "https://registry.yarnpkg.com/muggle-string/-/muggle-string-0.4.1.tgz#3b366bd43b32f809dc20659534dd30e7c8a0d328"
  integrity sha512-VNTrAak/KhO2i8dqqnqnAHOa3cYBwXEZe9h+D5h/1ZqFSTEFHdM65lR7RoIqq3tBBYavsOXV84NoHXZ0AkPyqQ==

nanoid@^3.3.7:
  version "3.3.7"
  resolved "https://registry.yarnpkg.com/nanoid/-/nanoid-3.3.7.tgz#d0c301a691bc8d54efa0a2226ccf3fe2fd656bd8"
  integrity sha512-eSRppjcPIatRIMC1U6UngP8XFcz8MQWGQdt1MTBQ7NaAmvXDfvNxbvWV3x2y6CdEUciCSsDHDQZbhYaB8QEo2g==

npm-normalize-package-bin@^3.0.0:
  version "3.0.1"
  resolved "https://registry.yarnpkg.com/npm-normalize-package-bin/-/npm-normalize-package-bin-3.0.1.tgz#25447e32a9a7de1f51362c61a559233b89947832"
  integrity sha512-dMxCf+zZ+3zeQZXKxmyuCKlIDPGuv8EF940xbkC4kQVDTtqoh6rJFO+JTKSA6/Rwi0getWmtuy4Itup0AMcaDQ==

npm-run-all2@^6.2.0:
  version "6.2.2"
  resolved "https://registry.yarnpkg.com/npm-run-all2/-/npm-run-all2-6.2.2.tgz#cd98d7c94dfa92e36724a1064609cca7a8991f5f"
  integrity sha512-Q+alQAGIW7ZhKcxLt8GcSi3h3ryheD6xnmXahkMRVM5LYmajcUrSITm8h+OPC9RYWMV2GR0Q1ntTUCfxaNoOJw==
  dependencies:
    ansi-styles "^6.2.1"
    cross-spawn "^7.0.3"
    memorystream "^0.3.1"
    minimatch "^9.0.0"
    pidtree "^0.6.0"
    read-package-json-fast "^3.0.2"
    shell-quote "^1.7.3"

path-browserify@^1.0.1:
  version "1.0.1"
  resolved "https://registry.yarnpkg.com/path-browserify/-/path-browserify-1.0.1.tgz#d98454a9c3753d5790860f16f68867b9e46be1fd"
  integrity sha512-b7uo2UCUOYZcnF/3ID0lulOJi/bafxa1xPe7ZPsammBSpjSWQkjNxlt635YGS2MiR9GjvuXCtz2emr3jbsz98g==

path-key@^3.1.0:
  version "3.1.1"
  resolved "https://registry.yarnpkg.com/path-key/-/path-key-3.1.1.tgz#581f6ade658cbba65a0d3380de7753295054f375"
  integrity sha512-ojmeN0qd+y0jszEtoY48r0Peq5dwMEkIlCOu6Q5f41lfkswXuKtYrhgoTpLnyIcHm24Uhqx+5Tqm2InSwLhE6Q==

picocolors@^1.0.1:
  version "1.1.0"
  resolved "https://registry.yarnpkg.com/picocolors/-/picocolors-1.1.0.tgz#5358b76a78cde483ba5cef6a9dc9671440b27d59"
  integrity sha512-TQ92mBOW0l3LeMeyLV6mzy/kWr8lkd/hp3mTg7wYK7zJhuBStmGMBG0BdeDZS/dZx1IukaX6Bk11zcln25o1Aw==

pidtree@^0.6.0:
  version "0.6.0"
  resolved "https://registry.yarnpkg.com/pidtree/-/pidtree-0.6.0.tgz#90ad7b6d42d5841e69e0a2419ef38f8883aa057c"
  integrity sha512-eG2dWTVw5bzqGRztnHExczNxt5VGsE6OwTeCG3fdUf9KBsZzO3R5OIIIzWR+iZA0NtZ+RDVdaoE2dK1cn6jH4g==

pinia@^2.1.7:
  version "2.2.2"
  resolved "https://registry.yarnpkg.com/pinia/-/pinia-2.2.2.tgz#dcf576c9a778187d1542c5e6a9f8b8cd5b6aea14"
  integrity sha512-ja2XqFWZC36mupU4z1ZzxeTApV7DOw44cV4dhQ9sGwun+N89v/XP7+j7q6TanS1u1tdbK4r+1BUx7heMaIdagA==
  dependencies:
    "@vue/devtools-api" "^6.6.3"
    vue-demi "^0.14.10"

postcss@^8.4.43, postcss@^8.4.44:
  version "8.4.45"
  resolved "https://registry.yarnpkg.com/postcss/-/postcss-8.4.45.tgz#538d13d89a16ef71edbf75d895284ae06b79e603"
  integrity sha512-7KTLTdzdZZYscUc65XmjFiB73vBhBfbPztCYdUNvlaso9PrzjzcmjqBPR0lNGkcVlcO4BjiO5rK/qNz+XAen1Q==
  dependencies:
    nanoid "^3.3.7"
    picocolors "^1.0.1"
    source-map-js "^1.2.0"

prettier@^3.2.5:
  version "3.3.3"
  resolved "https://registry.yarnpkg.com/prettier/-/prettier-3.3.3.tgz#30c54fe0be0d8d12e6ae61dbb10109ea00d53105"
  integrity sha512-i2tDNA0O5IrMO757lfrdQZCc2jPNDVntV0m/+4whiDfWaTKfMNgR7Qz0NAeGz/nRqF4m5/6CLzbP4/liHt12Ew==

read-package-json-fast@^3.0.2:
  version "3.0.2"
  resolved "https://registry.yarnpkg.com/read-package-json-fast/-/read-package-json-fast-3.0.2.tgz#394908a9725dc7a5f14e70c8e7556dff1d2b1049"
  integrity sha512-0J+Msgym3vrLOUB3hzQCuZHII0xkNGCtz/HJH9xZshwv9DbDwkw1KaE3gx/e2J5rpEY5rtOy6cyhKOPrkP7FZw==
  dependencies:
    json-parse-even-better-errors "^3.0.0"
    npm-normalize-package-bin "^3.0.0"

rollup@^4.20.0:
  version "4.21.2"
  resolved "https://registry.yarnpkg.com/rollup/-/rollup-4.21.2.tgz#f41f277a448d6264e923dd1ea179f0a926aaf9b7"
  integrity sha512-e3TapAgYf9xjdLvKQCkQTnbTKd4a6jwlpQSJJFokHGaX2IVjoEqkIIhiQfqsi0cdwlOD+tQGuOd5AJkc5RngBw==
  dependencies:
    "@types/estree" "1.0.5"
  optionalDependencies:
    "@rollup/rollup-android-arm-eabi" "4.21.2"
    "@rollup/rollup-android-arm64" "4.21.2"
    "@rollup/rollup-darwin-arm64" "4.21.2"
    "@rollup/rollup-darwin-x64" "4.21.2"
    "@rollup/rollup-linux-arm-gnueabihf" "4.21.2"
    "@rollup/rollup-linux-arm-musleabihf" "4.21.2"
    "@rollup/rollup-linux-arm64-gnu" "4.21.2"
    "@rollup/rollup-linux-arm64-musl" "4.21.2"
    "@rollup/rollup-linux-powerpc64le-gnu" "4.21.2"
    "@rollup/rollup-linux-riscv64-gnu" "4.21.2"
    "@rollup/rollup-linux-s390x-gnu" "4.21.2"
    "@rollup/rollup-linux-x64-gnu" "4.21.2"
    "@rollup/rollup-linux-x64-musl" "4.21.2"
    "@rollup/rollup-win32-arm64-msvc" "4.21.2"
    "@rollup/rollup-win32-ia32-msvc" "4.21.2"
    "@rollup/rollup-win32-x64-msvc" "4.21.2"
    fsevents "~2.3.2"

rxjs@^7.4.0:
  version "7.8.1"
  resolved "https://registry.yarnpkg.com/rxjs/-/rxjs-7.8.1.tgz#6f6f3d99ea8044291efd92e7c7fcf562c4057543"
  integrity sha512-AA3TVj+0A2iuIoQkWEK/tqFjBq2j+6PO6Y0zJcvzLAFhEFIO3HL0vls9hWLncZbAAbK0mar7oZ4V079I/qPMxg==
  dependencies:
    tslib "^2.1.0"

sass-embedded-android-arm64@1.78.0:
  version "1.78.0"
  resolved "https://registry.yarnpkg.com/sass-embedded-android-arm64/-/sass-embedded-android-arm64-1.78.0.tgz#594adb02f8f0553ee61fae447f99b02a80e42c7c"
  integrity sha512-2sAr11EgwPudAuyk4Ite+fWGYJspiFSiZDU2D8/vjjI7BaB9FG6ksYqww3svoMMnjPUWBCjKPDELpZTxViLJbw==

sass-embedded-android-arm@1.78.0:
  version "1.78.0"
  resolved "https://registry.yarnpkg.com/sass-embedded-android-arm/-/sass-embedded-android-arm-1.78.0.tgz#c00927324c93dc02eab36416cbc40c935b9049bf"
  integrity sha512-YM6nrmKsj+ImaSTd96F+jzbWSbhPkRN4kedbLgIJ5FsILNa9NAqhmrCQz9pdcjuAhyfxWImdUACsT23CPGENZQ==

sass-embedded-android-ia32@1.78.0:
  version "1.78.0"
  resolved "https://registry.yarnpkg.com/sass-embedded-android-ia32/-/sass-embedded-android-ia32-1.78.0.tgz#ffb07c4417a7fbc6fb9ee439d18a3d05760104f5"
  integrity sha512-TyJOo4TgnHpOfC/PfqCBqd+jGRanWoRd4Br/0KAfIvaIFjTGIPdk26vUyDVugV1J8QUEY4INGE8EXAuDeRldUQ==

sass-embedded-android-riscv64@1.78.0:
  version "1.78.0"
  resolved "https://registry.yarnpkg.com/sass-embedded-android-riscv64/-/sass-embedded-android-riscv64-1.78.0.tgz#3018e4cd87ca90b3e3949e7d7584ab778e5b1d6e"
  integrity sha512-wwajpsVRuhb7ixrkA3Yu60V2LtROYn45PIYeda30/MrMJi9k3xEqHLhodTexFm6wZoKclGSDZ6L9U5q0XyRKiQ==

sass-embedded-android-x64@1.78.0:
  version "1.78.0"
  resolved "https://registry.yarnpkg.com/sass-embedded-android-x64/-/sass-embedded-android-x64-1.78.0.tgz#9d0b7ea2db3332b5687e2ad8d7601823aecf5cc9"
  integrity sha512-k5l66PO0LgSHMDbDzAQ/vqrXMlJ3r42ZHJA8MJvUbA6sQxTzDS381V7L+EhOATwyI225j2FhEeTHW6rr4WBQzA==

sass-embedded-darwin-arm64@1.78.0:
  version "1.78.0"
  resolved "https://registry.yarnpkg.com/sass-embedded-darwin-arm64/-/sass-embedded-darwin-arm64-1.78.0.tgz#aa45e97c01561b5303076bff4ec138c80c16a6d0"
  integrity sha512-3JaxceFSR6N+a22hPYYkj1p45eBaWTt/M8MPTbfzU3TGZrU9bmRX7WlUVtXTo1yYI2iMf22nCv0PQ5ExFF3FMQ==

sass-embedded-darwin-x64@1.78.0:
  version "1.78.0"
  resolved "https://registry.yarnpkg.com/sass-embedded-darwin-x64/-/sass-embedded-darwin-x64-1.78.0.tgz#c7d7d39408568652622b227b4553a06a2377782b"
  integrity sha512-UMTijqE3fJ8vEaaD7GPG7G3GsHuPKOdpS8vuA2v2uwO3BPFp/rEKah66atvGqvGO+0JYApkSv0YTnnexSrkHIQ==

sass-embedded-linux-arm64@1.78.0:
  version "1.78.0"
  resolved "https://registry.yarnpkg.com/sass-embedded-linux-arm64/-/sass-embedded-linux-arm64-1.78.0.tgz#026b79f1962dbdd6ea908b175f2373a54d0b0a10"
  integrity sha512-juMIMpp3DIAiQ842y+boqh0u2SjN4m3mDKrDfMuBznj8DSQoy9J/3e4hLh3g+p0/j83WuROu5nNoYxm2Xz8rww==

sass-embedded-linux-arm@1.78.0:
  version "1.78.0"
  resolved "https://registry.yarnpkg.com/sass-embedded-linux-arm/-/sass-embedded-linux-arm-1.78.0.tgz#4b2f13ca6f373d1c6ae69a6e6042771e511285b0"
  integrity sha512-JafT+Co0RK8oO3g9TfVRuG7tkYeh35yDGTgqCFxLrktnkiw5pmIagCfpjxk5GBcSfJMOzhCgclTCDJWAuHGuMQ==

sass-embedded-linux-ia32@1.78.0:
  version "1.78.0"
  resolved "https://registry.yarnpkg.com/sass-embedded-linux-ia32/-/sass-embedded-linux-ia32-1.78.0.tgz#b20ee266960dd53a301fb6fcbcb0fcaa03057689"
  integrity sha512-Gy8GW5g6WX9t8CT2Dto5AL6ikB+pG7aAXWXvfu3RFHktixSwSbyy6CeGqSk1t0xyJCFkQQA/V8HU9bNdeHiBxg==

sass-embedded-linux-musl-arm64@1.78.0:
  version "1.78.0"
  resolved "https://registry.yarnpkg.com/sass-embedded-linux-musl-arm64/-/sass-embedded-linux-musl-arm64-1.78.0.tgz#05f550ac2668e2ec1528ff16cfa094141710e79b"
  integrity sha512-Lu/TlRHbe9aJY7B7PwWCJz7pTT5Rc50VkApWEmPiU/nu0mGbSpg0Xwar6pNeG8+98ubgKKdRb01N3bvclf5a4A==

sass-embedded-linux-musl-arm@1.78.0:
  version "1.78.0"
  resolved "https://registry.yarnpkg.com/sass-embedded-linux-musl-arm/-/sass-embedded-linux-musl-arm-1.78.0.tgz#a31abc2a79a1d35a966a2eb569e022e9b75c9e86"
  integrity sha512-DUVXtcsfsiOJ2Zwp4Y3T6KZWX8h0gWpzmFUrx+gSIbg67vV8Ww2DWMjWRwqLe7HOLTYBegMBYpMgMgZiPtXhIA==

sass-embedded-linux-musl-ia32@1.78.0:
  version "1.78.0"
  resolved "https://registry.yarnpkg.com/sass-embedded-linux-musl-ia32/-/sass-embedded-linux-musl-ia32-1.78.0.tgz#da317029f0407db3b5a1d2dd06a97e3e30add7b4"
  integrity sha512-1E5ywUnq6MRPAecr2r/vDOBr93wXyculEmfyF5JRG8mUufMaxGIhfx64OQE6Drjs+EDURcYZ+Qcg6/ubJWqhcw==

sass-embedded-linux-musl-riscv64@1.78.0:
  version "1.78.0"
  resolved "https://registry.yarnpkg.com/sass-embedded-linux-musl-riscv64/-/sass-embedded-linux-musl-riscv64-1.78.0.tgz#a35eb0d217b4a2d1f0ce03ff138c7764bf370680"
  integrity sha512-YvQEvX7ctn5BwC79+HBagDYIciEkwcl2NLgoydmEsBO/0+ncMKSGnjsn/iRzErbq1KJNyjGEni8eSHlrtQI1vQ==

sass-embedded-linux-musl-x64@1.78.0:
  version "1.78.0"
  resolved "https://registry.yarnpkg.com/sass-embedded-linux-musl-x64/-/sass-embedded-linux-musl-x64-1.78.0.tgz#195cc7188f7c27897eacb5aa16c20eed16856714"
  integrity sha512-azdUcZZvZmtUBslIKr2/l4aQrTX7BvO96TD0GLdWz9vuXZrokYm09AJZEnb5j6Pk5I4Xr0yM6BG1Vgcbzqi5Zg==

sass-embedded-linux-riscv64@1.78.0:
  version "1.78.0"
  resolved "https://registry.yarnpkg.com/sass-embedded-linux-riscv64/-/sass-embedded-linux-riscv64-1.78.0.tgz#e60646b7419a817bfd056bb56b916e687bd918aa"
  integrity sha512-g8M6vqHMjZUoH9C1WJsgwu+qmwdJAAMDaJTM1emeAScUZMTaQGzm+Q6C5oSGnAGR3XLT/drgbHhbmruXDgkdeQ==

sass-embedded-linux-x64@1.78.0:
  version "1.78.0"
  resolved "https://registry.yarnpkg.com/sass-embedded-linux-x64/-/sass-embedded-linux-x64-1.78.0.tgz#a33b182a510160861d142070bbb53977fe143c24"
  integrity sha512-m997ThzpMwql4u6LzZCoHPIQkgK6bbLPLc7ydemo2Wusqzh6j8XAGxVT5oANp6s2Dmj+yh49pKDozal+tzEX9w==

sass-embedded-win32-arm64@1.78.0:
  version "1.78.0"
  resolved "https://registry.yarnpkg.com/sass-embedded-win32-arm64/-/sass-embedded-win32-arm64-1.78.0.tgz#eb91c98989b294f17c9887ec16ebb88a0e0859e8"
  integrity sha512-qTLIIC5URYRmeuYYllfoL0K1cHSUd+f3sFHAA6fjtdgf288usd6ToCbWpuFb0BtVceEfGQX8lEp+teOG7n7Quw==

sass-embedded-win32-ia32@1.78.0:
  version "1.78.0"
  resolved "https://registry.yarnpkg.com/sass-embedded-win32-ia32/-/sass-embedded-win32-ia32-1.78.0.tgz#305e898ff87a894ad579c8036c51e5340659910a"
  integrity sha512-BrOWh18T6Y9xgCokGXElEnd8j03fO4W83bwJ9wHRRkrQWaeHtHs3XWW0fX1j2brngWUTjU+jcYUijWF1Z60krw==

sass-embedded-win32-x64@1.78.0:
  version "1.78.0"
  resolved "https://registry.yarnpkg.com/sass-embedded-win32-x64/-/sass-embedded-win32-x64-1.78.0.tgz#ad23d76a3e609d7c8305c692c34c513292a61047"
  integrity sha512-C14iFDJd7oGhmQehRiEL7GtzMmLwubcDqsBarQ+u9LbHoDlUQfIPd7y8mVtNgtxJCdrAO/jc5qR4C+85yE3xPQ==

sass-embedded@^1.77.8:
  version "1.78.0"
  resolved "https://registry.yarnpkg.com/sass-embedded/-/sass-embedded-1.78.0.tgz#8d11e16e2899d455ac9b2e6b223d19bee3a5e7bd"
  integrity sha512-NR2kvhWVFABmBm0AqgFw9OweQycs0Qs+/teJ9Su+BUY7up+f8S5F/Zi+7QtAqJlewsQyUNfzm1vRuM+20lBwRQ==
  dependencies:
    "@bufbuild/protobuf" "^1.0.0"
    buffer-builder "^0.2.0"
    immutable "^4.0.0"
    rxjs "^7.4.0"
    supports-color "^8.1.1"
    varint "^6.0.0"
  optionalDependencies:
    sass-embedded-android-arm "1.78.0"
    sass-embedded-android-arm64 "1.78.0"
    sass-embedded-android-ia32 "1.78.0"
    sass-embedded-android-riscv64 "1.78.0"
    sass-embedded-android-x64 "1.78.0"
    sass-embedded-darwin-arm64 "1.78.0"
    sass-embedded-darwin-x64 "1.78.0"
    sass-embedded-linux-arm "1.78.0"
    sass-embedded-linux-arm64 "1.78.0"
    sass-embedded-linux-ia32 "1.78.0"
    sass-embedded-linux-musl-arm "1.78.0"
    sass-embedded-linux-musl-arm64 "1.78.0"
    sass-embedded-linux-musl-ia32 "1.78.0"
    sass-embedded-linux-musl-riscv64 "1.78.0"
    sass-embedded-linux-musl-x64 "1.78.0"
    sass-embedded-linux-riscv64 "1.78.0"
    sass-embedded-linux-x64 "1.78.0"
    sass-embedded-win32-arm64 "1.78.0"
    sass-embedded-win32-ia32 "1.78.0"
    sass-embedded-win32-x64 "1.78.0"

semver@^7.5.4:
  version "7.6.3"
  resolved "https://registry.yarnpkg.com/semver/-/semver-7.6.3.tgz#980f7b5550bc175fb4dc09403085627f9eb33143"
  integrity sha512-oVekP1cKtI+CTDvHWYFUcMtsK/00wmAEfyqKfNdARm8u1wNVhSgaX7A8d4UuIlUI5e84iEwOhs7ZPYRmzU9U6A==

shebang-command@^2.0.0:
  version "2.0.0"
  resolved "https://registry.yarnpkg.com/shebang-command/-/shebang-command-2.0.0.tgz#ccd0af4f8835fbdc265b82461aaf0c36663f34ea"
  integrity sha512-kHxr2zZpYtdmrN1qDjrrX/Z1rR1kG8Dx+gkpK1G4eXmvXswmcE1hTWBWYUzlraYw1/yZp6YuDY77YtvbN0dmDA==
  dependencies:
    shebang-regex "^3.0.0"

shebang-regex@^3.0.0:
  version "3.0.0"
  resolved "https://registry.yarnpkg.com/shebang-regex/-/shebang-regex-3.0.0.tgz#ae16f1644d873ecad843b0307b143362d4c42172"
  integrity sha512-7++dFhtcx3353uBaq8DDR4NuxBetBzC7ZQOhmTQInHEd6bSrXdiEyzCvG07Z44UYdLShWUyXt5M/yhz8ekcb1A==

shell-quote@^1.7.3:
  version "1.8.1"
  resolved "https://registry.yarnpkg.com/shell-quote/-/shell-quote-1.8.1.tgz#6dbf4db75515ad5bac63b4f1894c3a154c766680"
  integrity sha512-6j1W9l1iAs/4xYBI1SYOVZyFcCis9b4KCLQ8fgAGG07QvzaRLVVRQvAy85yNmmZSjYjg4MWh4gNvlPujU/5LpA==

sortablejs@1.14.0:
  version "1.14.0"
  resolved "https://registry.yarnpkg.com/sortablejs/-/sortablejs-1.14.0.tgz#6d2e17ccbdb25f464734df621d4f35d4ab35b3d8"
  integrity sha512-pBXvQCs5/33fdN1/39pPL0NZF20LeRbLQ5jtnheIPN9JQAaufGjKdWduZn4U7wCtVuzKhmRkI0DFYHYRbB2H1w==

source-map-js@^1.2.0:
  version "1.2.0"
  resolved "https://registry.yarnpkg.com/source-map-js/-/source-map-js-1.2.0.tgz#16b809c162517b5b8c3e7dcd315a2a5c2612b2af"
  integrity sha512-itJW8lvSA0TXEphiRoawsCksnlf8SyvmFzIhltqAHluXd88pkCd+cXJVHTDwdCr0IzwptSm035IHQktUu1QUMg==

supports-color@^8.1.1:
  version "8.1.1"
  resolved "https://registry.yarnpkg.com/supports-color/-/supports-color-8.1.1.tgz#cd6fc17e28500cff56c1b86c0a7fd4a54a73005c"
  integrity sha512-MpUEN2OodtUzxvKQl72cUF7RQ5EiHsGvSsVG0ia9c5RbWGL2CI4C7EpPS8UTBIplnlzZiNuV56w+FuNxy3ty2Q==
  dependencies:
    has-flag "^4.0.0"

to-fast-properties@^2.0.0:
  version "2.0.0"
  resolved "https://registry.yarnpkg.com/to-fast-properties/-/to-fast-properties-2.0.0.tgz#dc5e698cbd079265bc73e0377681a4e4e83f616e"
  integrity sha512-/OaKK0xYrs3DmxRYqL/yDc+FxFUVYhDlXMhRmv3z915w2HF1tnN1omB354j8VUGO/hbRzyD6Y3sA7v7GS/ceog==

tslib@^2.1.0:
  version "2.7.0"
  resolved "https://registry.yarnpkg.com/tslib/-/tslib-2.7.0.tgz#d9b40c5c40ab59e8738f297df3087bf1a2690c01"
  integrity sha512-gLXCKdN1/j47AiHiOkJN69hJmcbGTHI0ImLmbYLHykhgeN0jVGola9yVjFgzCUklsZQMW55o+dW7IXv3RCXDzA==

typescript@~5.4.0:
  version "5.4.5"
  resolved "https://registry.yarnpkg.com/typescript/-/typescript-5.4.5.tgz#42ccef2c571fdbd0f6718b1d1f5e6e5ef006f611"
  integrity sha512-vcI4UpRgg81oIRUFwR0WSIHKt11nJ7SAVlYNIu+QpqeyXP+gpQJy/Z4+F0aGxSE4MqwjyXvW/TzgkLAx2AGHwQ==

undici-types@~6.19.2:
  version "6.19.8"
  resolved "https://registry.yarnpkg.com/undici-types/-/undici-types-6.19.8.tgz#35111c9d1437ab83a7cdc0abae2f26d88eda0a02"
  integrity sha512-ve2KP6f/JnbPBFyobGHuerC9g1FYGn/F8n1LWTwNxCEzd6IfqTwUQcNXgEtmmQ6DlRrC1hrSrBnCZPokRrDHjw==

varint@^6.0.0:
  version "6.0.0"
  resolved "https://registry.yarnpkg.com/varint/-/varint-6.0.0.tgz#9881eb0ce8feaea6512439d19ddf84bf551661d0"
  integrity sha512-cXEIW6cfr15lFv563k4GuVuW/fiwjknytD37jIOLSdSWuOI6WnO/oKwmP2FQTU2l01LP8/M5TSAJpzUaGe3uWg==

vite@^5.3.1:
  version "5.4.3"
  resolved "https://registry.yarnpkg.com/vite/-/vite-5.4.3.tgz#771c470e808cb6732f204e1ee96c2ed65b97a0eb"
  integrity sha512-IH+nl64eq9lJjFqU+/yrRnrHPVTlgy42/+IzbOdaFDVlyLgI/wDlf+FCobXLX1cT0X5+7LMyH1mIy2xJdLfo8Q==
  dependencies:
    esbuild "^0.21.3"
    postcss "^8.4.43"
    rollup "^4.20.0"
  optionalDependencies:
    fsevents "~2.3.3"

vscode-uri@^3.0.8:
  version "3.0.8"
  resolved "https://registry.yarnpkg.com/vscode-uri/-/vscode-uri-3.0.8.tgz#1770938d3e72588659a172d0fd4642780083ff9f"
  integrity sha512-AyFQ0EVmsOZOlAnxoFOGOq1SQDWAB7C6aqMGS23svWAllfOaxbuFvcT8D1i8z3Gyn8fraVeZNNmN6e9bxxXkKw==

vue-demi@^0.14.10:
  version "0.14.10"
  resolved "https://registry.yarnpkg.com/vue-demi/-/vue-demi-0.14.10.tgz#afc78de3d6f9e11bf78c55e8510ee12814522f04"
  integrity sha512-nMZBOwuzabUO0nLgIcc6rycZEebF6eeUfaiQx9+WSk8e29IbLvPU9feI6tqW4kTo3hvoYAJkMh8n8D0fuISphg==

vue-router@^4.3.3:
  version "4.4.3"
  resolved "https://registry.yarnpkg.com/vue-router/-/vue-router-4.4.3.tgz#58a39dc804632bfb6d26f052aa8f6718bd130299"
  integrity sha512-sv6wmNKx2j3aqJQDMxLFzs/u/mjA9Z5LCgy6BE0f7yFWMjrPLnS/sPNn8ARY/FXw6byV18EFutn5lTO6+UsV5A==
  dependencies:
    "@vue/devtools-api" "^6.6.3"

vue-tsc@^2.0.21:
  version "2.1.6"
  resolved "https://registry.yarnpkg.com/vue-tsc/-/vue-tsc-2.1.6.tgz#d93fdc617da6546674301a746fd7089ea6d4543d"
  integrity sha512-f98dyZp5FOukcYmbFpuSCJ4Z0vHSOSmxGttZJCsFeX0M4w/Rsq0s4uKXjcSRsZqsRgQa6z7SfuO+y0HVICE57Q==
  dependencies:
    "@volar/typescript" "~2.4.1"
    "@vue/language-core" "2.1.6"
    semver "^7.5.4"

vue@^3.4.29:
  version "3.5.3"
  resolved "https://registry.yarnpkg.com/vue/-/vue-3.5.3.tgz#1f621023b123341ab5f427e2a6d7320d0e47d72b"
  integrity sha512-xvRbd0HpuLovYbOHXRHlSBsSvmUJbo0pzbkKTApWnQGf3/cu5Z39mQeA5cZdLRVIoNf3zI6MSoOgHUT5i2jO+Q==
  dependencies:
    "@vue/compiler-dom" "3.5.3"
    "@vue/compiler-sfc" "3.5.3"
    "@vue/runtime-dom" "3.5.3"
    "@vue/server-renderer" "3.5.3"
    "@vue/shared" "3.5.3"

vuedraggable@^4.1.0:
  version "4.1.0"
  resolved "https://registry.yarnpkg.com/vuedraggable/-/vuedraggable-4.1.0.tgz#edece68adb8a4d9e06accff9dfc9040e66852270"
  integrity sha512-FU5HCWBmsf20GpP3eudURW3WdWTKIbEIQxh9/8GE806hydR9qZqRRxRE3RjqX7PkuLuMQG/A7n3cfj9rCEchww==
  dependencies:
    sortablejs "1.14.0"

which@^2.0.1:
  version "2.0.2"
  resolved "https://registry.yarnpkg.com/which/-/which-2.0.2.tgz#7c6a8dd0a636a0327e10b59c9286eee93f3f51b1"
  integrity sha512-BLI3Tl1TW3Pvl70l3yq3Y64i+awpwXqsGBYWkkqMtnbXgrMD+yj7rhW0kuEDxzJaYXGjEW5ogapKNMEKNMjibA==
  dependencies:
    isexe "^2.0.0"
